PODS:
  - device_info (0.0.1):
    - Flutter
  - Flutter (1.0.0)
  - flutter_ble_lib (2.3.2):
    - Flutter
    - MultiplatformBleAdapter (~> 0.1.8)
  - flutter_native_timezone (0.0.1):
    - Flutter
  - location (0.0.1):
    - Flutter
  - MultiplatformBleAdapter (0.1.8)

DEPENDENCIES:
  - device_info (from `.symlinks/plugins/device_info/ios`)
  - Flutter (from `Flutter`)
  - flutter_ble_lib (from `.symlinks/plugins/flutter_ble_lib/ios`)
  - flutter_native_timezone (from `.symlinks/plugins/flutter_native_timezone/ios`)
  - location (from `.symlinks/plugins/location/ios`)

SPEC REPOS:
  trunk:
    - MultiplatformBleAdapter

EXTERNAL SOURCES:
  device_info:
    :path: ".symlinks/plugins/device_info/ios"
  Flutter:
    :path: Flutter
  flutter_ble_lib:
    :path: ".symlinks/plugins/flutter_ble_lib/ios"
  flutter_native_timezone:
    :path: ".symlinks/plugins/flutter_native_timezone/ios"
  location:
    :path: ".symlinks/plugins/location/ios"

SPEC CHECKSUMS:
  device_info: d7d233b645a32c40dfdc212de5cf646ca482f175
  Flutter: 0e3d915762c693b495b44d77113d4970485de6ec
  flutter_ble_lib: 675f6ceaa6cd6a675bba408b705042458a782101
  flutter_native_timezone: e72ff1900460ff57cfd331d1758050c9269f3e99
  location: 3a2eed4dd2fab25e7b7baf2a9efefe82b512d740
  MultiplatformBleAdapter: bdfdd698ea5d816f0f389eda13d5b07a1bc74b59

PODFILE CHECKSUM: aafe91acc616949ddb318b77800a7f51bffa2a4c

COCOAPODS: 1.10.1
